// !$*UTF8*$!
{
	archiveVersion = 1;
	classes = {
	};
	objectVersion = 50;
	objects = {

/* Begin PBXBuildFile section */
		B22D7FF927BDDD8400B2C84C /* Helper+Ext.swift in Sources */ = {isa = PBXBuildFile; fileRef = B22D7FF727BDDD8400B2C84C /* Helper+Ext.swift */; };
		B22D7FFA27BDDD8400B2C84C /* UIView.swift in Sources */ = {isa = PBXBuildFile; fileRef = B22D7FF827BDDD8400B2C84C /* UIView.swift */; };
		B22D800527BDE21600B2C84C /* MapView+EXT.swift in Sources */ = {isa = PBXBuildFile; fileRef = B22D800427BDE21600B2C84C /* MapView+EXT.swift */; };
		B22D800827BDE25100B2C84C /* MapViewCoreLocation+EXT.swift in Sources */ = {isa = PBXBuildFile; fileRef = B22D800727BDE25100B2C84C /* MapViewCoreLocation+EXT.swift */; };
		B25D8D7927BDFF0800E5485E /* Constant.swift in Sources */ = {isa = PBXBuildFile; fileRef = B25D8D7827BDFF0800E5485E /* Constant.swift */; };
		B25D8D7D27BE026D00E5485E /* NetworkManger.swift in Sources */ = {isa = PBXBuildFile; fileRef = B25D8D7C27BE026D00E5485E /* NetworkManger.swift */; };
		B25D8D8027BE028D00E5485E /* ResoneError.swift in Sources */ = {isa = PBXBuildFile; fileRef = B25D8D7F27BE028D00E5485E /* ResoneError.swift */; };
		B25D8D8327BE03B800E5485E /* Weather.swift in Sources */ = {isa = PBXBuildFile; fileRef = B25D8D8227BE03B800E5485E /* Weather.swift */; };
		B25D8D8927BE086700E5485E /* CityWeatherVC.swift in Sources */ = {isa = PBXBuildFile; fileRef = B25D8D8827BE086700E5485E /* CityWeatherVC.swift */; };
		B2773F3927B8CE5800252C48 /* AppDelegate.swift in Sources */ = {isa = PBXBuildFile; fileRef = B2773F3827B8CE5800252C48 /* AppDelegate.swift */; };
		B2773F4027B8CE5800252C48 /* Main.storyboard in Resources */ = {isa = PBXBuildFile; fileRef = B2773F3E27B8CE5800252C48 /* Main.storyboard */; };
		B2773F4227B8CE5B00252C48 /* Assets.xcassets in Resources */ = {isa = PBXBuildFile; fileRef = B2773F4127B8CE5B00252C48 /* Assets.xcassets */; };
		B2773F4527B8CE5B00252C48 /* LaunchScreen.storyboard in Resources */ = {isa = PBXBuildFile; fileRef = B2773F4327B8CE5B00252C48 /* LaunchScreen.storyboard */; };
		B2773F7327B8CF6600252C48 /* MapViewVC.swift in Sources */ = {isa = PBXBuildFile; fileRef = B2773F7227B8CF6600252C48 /* MapViewVC.swift */; };
/* End PBXBuildFile section */

/* Begin PBXFileReference section */
		B22D7FF727BDDD8400B2C84C /* Helper+Ext.swift */ = {isa = PBXFileReference; fileEncoding = 4; lastKnownFileType = sourcecode.swift; path = "Helper+Ext.swift"; sourceTree = "<group>"; };
		B22D7FF827BDDD8400B2C84C /* UIView.swift */ = {isa = PBXFileReference; fileEncoding = 4; lastKnownFileType = sourcecode.swift; path = UIView.swift; sourceTree = "<group>"; };
		B22D800427BDE21600B2C84C /* MapView+EXT.swift */ = {isa = PBXFileReference; lastKnownFileType = sourcecode.swift; path = "MapView+EXT.swift"; sourceTree = "<group>"; };
		B22D800727BDE25100B2C84C /* MapViewCoreLocation+EXT.swift */ = {isa = PBXFileReference; lastKnownFileType = sourcecode.swift; path = "MapViewCoreLocation+EXT.swift"; sourceTree = "<group>"; };
		B25D8D7827BDFF0800E5485E /* Constant.swift */ = {isa = PBXFileReference; lastKnownFileType = sourcecode.swift; path = Constant.swift; sourceTree = "<group>"; };
		B25D8D7C27BE026D00E5485E /* NetworkManger.swift */ = {isa = PBXFileReference; lastKnownFileType = sourcecode.swift; path = NetworkManger.swift; sourceTree = "<group>"; };
		B25D8D7F27BE028D00E5485E /* ResoneError.swift */ = {isa = PBXFileReference; fileEncoding = 4; lastKnownFileType = sourcecode.swift; path = ResoneError.swift; sourceTree = "<group>"; };
		B25D8D8227BE03B800E5485E /* Weather.swift */ = {isa = PBXFileReference; lastKnownFileType = sourcecode.swift; path = Weather.swift; sourceTree = "<group>"; };
		B25D8D8827BE086700E5485E /* CityWeatherVC.swift */ = {isa = PBXFileReference; lastKnownFileType = sourcecode.swift; path = CityWeatherVC.swift; sourceTree = "<group>"; };
		B2773F3527B8CE5800252C48 /* Taxiapp MVP Task Alalmiya Alhura.app */ = {isa = PBXFileReference; explicitFileType = wrapper.application; includeInIndex = 0; path = "Taxiapp MVP Task Alalmiya Alhura.app"; sourceTree = BUILT_PRODUCTS_DIR; };
		B2773F3827B8CE5800252C48 /* AppDelegate.swift */ = {isa = PBXFileReference; lastKnownFileType = sourcecode.swift; path = AppDelegate.swift; sourceTree = "<group>"; };
		B2773F3F27B8CE5800252C48 /* Base */ = {isa = PBXFileReference; lastKnownFileType = file.storyboard; name = Base; path = Base.lproj/Main.storyboard; sourceTree = "<group>"; };
		B2773F4127B8CE5B00252C48 /* Assets.xcassets */ = {isa = PBXFileReference; lastKnownFileType = folder.assetcatalog; path = Assets.xcassets; sourceTree = "<group>"; };
		B2773F4427B8CE5B00252C48 /* Base */ = {isa = PBXFileReference; lastKnownFileType = file.storyboard; name = Base; path = Base.lproj/LaunchScreen.storyboard; sourceTree = "<group>"; };
		B2773F4627B8CE5B00252C48 /* Info.plist */ = {isa = PBXFileReference; lastKnownFileType = text.plist.xml; path = Info.plist; sourceTree = "<group>"; };
		B2773F7227B8CF6600252C48 /* MapViewVC.swift */ = {isa = PBXFileReference; lastKnownFileType = sourcecode.swift; path = MapViewVC.swift; sourceTree = "<group>"; };
/* End PBXFileReference section */

/* Begin PBXFrameworksBuildPhase section */
		B2773F3227B8CE5800252C48 /* Frameworks */ = {
			isa = PBXFrameworksBuildPhase;
			buildActionMask = 2147483647;
			files = (
			);
			runOnlyForDeploymentPostprocessing = 0;
		};
/* End PBXFrameworksBuildPhase section */

/* Begin PBXGroup section */
		B22D7FFC27BDDD9D00B2C84C /* Extension */ = {
			isa = PBXGroup;
			children = (
				B22D7FF827BDDD8400B2C84C /* UIView.swift */,
				B22D7FF727BDDD8400B2C84C /* Helper+Ext.swift */,
			);
			path = Extension;
			sourceTree = "<group>";
		};
		B22D7FFE27BDDDF100B2C84C /* Supporting */ = {
			isa = PBXGroup;
			children = (
				B2773F4127B8CE5B00252C48 /* Assets.xcassets */,
				B2773F4327B8CE5B00252C48 /* LaunchScreen.storyboard */,
				B2773F4627B8CE5B00252C48 /* Info.plist */,
			);
			path = Supporting;
			sourceTree = "<group>";
		};
		B22D7FFF27BDDDFC00B2C84C /* Delegate */ = {
			isa = PBXGroup;
			children = (
				B2773F3827B8CE5800252C48 /* AppDelegate.swift */,
				B25D8D8527BE04CC00E5485E /* NetworkManger */,
			);
			path = Delegate;
			sourceTree = "<group>";
		};
		B22D800127BDDE0900B2C84C /* StroyBoard */ = {
			isa = PBXGroup;
			children = (
				B2773F3E27B8CE5800252C48 /* Main.storyboard */,
			);
			path = StroyBoard;
			sourceTree = "<group>";
		};
		B22D800B27BDE37700B2C84C /* View */ = {
			isa = PBXGroup;
			children = (
				B25D8D6827BDE48200E5485E /* MapVC */,
				B25D8D8827BE086700E5485E /* CityWeatherVC.swift */,
			);
			path = View;
			sourceTree = "<group>";
		};
		B25D8D6827BDE48200E5485E /* MapVC */ = {
			isa = PBXGroup;
			children = (
				B2773F7227B8CF6600252C48 /* MapViewVC.swift */,
				B22D800427BDE21600B2C84C /* MapView+EXT.swift */,
				B22D800727BDE25100B2C84C /* MapViewCoreLocation+EXT.swift */,
			);
			path = MapVC;
			sourceTree = "<group>";
		};
		B25D8D7727BDFEE200E5485E /* Utilities */ = {
			isa = PBXGroup;
			children = (
				B25D8D7827BDFF0800E5485E /* Constant.swift */,
				B25D8D7F27BE028D00E5485E /* ResoneError.swift */,
			);
			name = Utilities;
			sourceTree = "<group>";
		};
		B25D8D8527BE04CC00E5485E /* NetworkManger */ = {
			isa = PBXGroup;
			children = (
				B25D8D7C27BE026D00E5485E /* NetworkManger.swift */,
			);
			path = NetworkManger;
			sourceTree = "<group>";
		};
		B2773F2C27B8CE5800252C48 = {
			isa = PBXGroup;
			children = (
				B2773F3727B8CE5800252C48 /* Taxiapp MVP Task Alalmiya Alhura */,
				B2773F3627B8CE5800252C48 /* Products */,
			);
			sourceTree = "<group>";
		};
		B2773F3627B8CE5800252C48 /* Products */ = {
			isa = PBXGroup;
			children = (
				B2773F3527B8CE5800252C48 /* Taxiapp MVP Task Alalmiya Alhura.app */,
			);
			name = Products;
			sourceTree = "<group>";
		};
		B2773F3727B8CE5800252C48 /* Taxiapp MVP Task Alalmiya Alhura */ = {
			isa = PBXGroup;
			children = (
				B22D7FFF27BDDDFC00B2C84C /* Delegate */,
				B22D800B27BDE37700B2C84C /* View */,
				B22D800127BDDE0900B2C84C /* StroyBoard */,
				B22D7FFC27BDDD9D00B2C84C /* Extension */,
				B22D7FFE27BDDDF100B2C84C /* Supporting */,
				B25D8D7727BDFEE200E5485E /* Utilities */,
				B25D8D8227BE03B800E5485E /* Weather.swift */,
			);
			path = "Taxiapp MVP Task Alalmiya Alhura";
			sourceTree = "<group>";
		};
/* End PBXGroup section */

/* Begin PBXNativeTarget section */
		B2773F3427B8CE5800252C48 /* Taxiapp MVP Task Alalmiya Alhura */ = {
			isa = PBXNativeTarget;
			buildConfigurationList = B2773F4927B8CE5B00252C48 /* Build configuration list for PBXNativeTarget "Taxiapp MVP Task Alalmiya Alhura" */;
			buildPhases = (
				B2773F3127B8CE5800252C48 /* Sources */,
				B2773F3227B8CE5800252C48 /* Frameworks */,
				B2773F3327B8CE5800252C48 /* Resources */,
			);
			buildRules = (
			);
			dependencies = (
			);
			name = "Taxiapp MVP Task Alalmiya Alhura";
			productName = "Taxiapp MVP Task Alalmiya Alhura";
			productReference = B2773F3527B8CE5800252C48 /* Taxiapp MVP Task Alalmiya Alhura.app */;
			productType = "com.apple.product-type.application";
		};
/* End PBXNativeTarget section */

/* Begin PBXProject section */
		B2773F2D27B8CE5800252C48 /* Project object */ = {
			isa = PBXProject;
			attributes = {
				LastSwiftUpdateCheck = 1240;
				LastUpgradeCheck = 1240;
				TargetAttributes = {
					B2773F3427B8CE5800252C48 = {
						CreatedOnToolsVersion = 12.4;
					};
				};
			};
			buildConfigurationList = B2773F3027B8CE5800252C48 /* Build configuration list for PBXProject "Taxiapp MVP Task Alalmiya Alhura" */;
			compatibilityVersion = "Xcode 9.3";
			developmentRegion = en;
			hasScannedForEncodings = 0;
			knownRegions = (
				en,
				Base,
			);
			mainGroup = B2773F2C27B8CE5800252C48;
			productRefGroup = B2773F3627B8CE5800252C48 /* Products */;
			projectDirPath = "";
			projectRoot = "";
			targets = (
				B2773F3427B8CE5800252C48 /* Taxiapp MVP Task Alalmiya Alhura */,
			);
		};
/* End PBXProject section */

/* Begin PBXResourcesBuildPhase section */
		B2773F3327B8CE5800252C48 /* Resources */ = {
			isa = PBXResourcesBuildPhase;
			buildActionMask = 2147483647;
			files = (
				B2773F4527B8CE5B00252C48 /* LaunchScreen.storyboard in Resources */,
				B2773F4227B8CE5B00252C48 /* Assets.xcassets in Resources */,
				B2773F4027B8CE5800252C48 /* Main.storyboard in Resources */,
			);
			runOnlyForDeploymentPostprocessing = 0;
		};
/* End PBXResourcesBuildPhase section */

/* Begin PBXSourcesBuildPhase section */
		B2773F3127B8CE5800252C48 /* Sources */ = {
			isa = PBXSourcesBuildPhase;
			buildActionMask = 2147483647;
			files = (
				B25D8D7D27BE026D00E5485E /* NetworkManger.swift in Sources */,
				B22D7FFA27BDDD8400B2C84C /* UIView.swift in Sources */,
				B22D800527BDE21600B2C84C /* MapView+EXT.swift in Sources */,
				B25D8D7927BDFF0800E5485E /* Constant.swift in Sources */,
				B25D8D8327BE03B800E5485E /* Weather.swift in Sources */,
				B25D8D8927BE086700E5485E /* CityWeatherVC.swift in Sources */,
				B2773F7327B8CF6600252C48 /* MapViewVC.swift in Sources */,
				B22D800827BDE25100B2C84C /* MapViewCoreLocation+EXT.swift in Sources */,
				B2773F3927B8CE5800252C48 /* AppDelegate.swift in Sources */,
				B22D7FF927BDDD8400B2C84C /* Helper+Ext.swift in Sources */,
				B25D8D8027BE028D00E5485E /* ResoneError.swift in Sources */,
			);
			runOnlyForDeploymentPostprocessing = 0;
		};
/* End PBXSourcesBuildPhase section */

/* Begin PBXVariantGroup section */
		B2773F3E27B8CE5800252C48 /* Main.storyboard */ = {
			isa = PBXVariantGroup;
			children = (
				B2773F3F27B8CE5800252C48 /* Base */,
			);
			name = Main.storyboard;
			sourceTree = "<group>";
		};
		B2773F4327B8CE5B00252C48 /* LaunchScreen.storyboard */ = {
			isa = PBXVariantGroup;
			children = (
				B2773F4427B8CE5B00252C48 /* Base */,
			);
			name = LaunchScreen.storyboard;
			sourceTree = "<group>";
		};
/* End PBXVariantGroup section */

/* Begin XCBuildConfiguration section */
		B2773F4727B8CE5B00252C48 /* Debug */ = {
			isa = XCBuildConfiguration;
			buildSettings = {
				ALWAYS_SEARCH_USER_PATHS = NO;
				CLANG_ANALYZER_NONNULL = YES;
				CLANG_ANALYZER_NUMBER_OBJECT_CONVERSION = YES_AGGRESSIVE;
				CLANG_CXX_LANGUAGE_STANDARD = "gnu++14";
				CLANG_CXX_LIBRARY = "libc++";
				CLANG_ENABLE_MODULES = YES;
				CLANG_ENABLE_OBJC_ARC = YES;
				CLANG_ENABLE_OBJC_WEAK = YES;
				CLANG_WARN_BLOCK_CAPTURE_AUTORELEASING = YES;
				CLANG_WARN_BOOL_CONVERSION = YES;
				CLANG_WARN_COMMA = YES;
				CLANG_WARN_CONSTANT_CONVERSION = YES;
				CLANG_WARN_DEPRECATED_OBJC_IMPLEMENTATIONS = YES;
				CLANG_WARN_DIRECT_OBJC_ISA_USAGE = YES_ERROR;
				CLANG_WARN_DOCUMENTATION_COMMENTS = YES;
				CLANG_WARN_EMPTY_BODY = YES;
				CLANG_WARN_ENUM_CONVERSION = YES;
				CLANG_WARN_INFINITE_RECURSION = YES;
				CLANG_WARN_INT_CONVERSION = YES;
				CLANG_WARN_NON_LITERAL_NULL_CONVERSION = YES;
				CLANG_WARN_OBJC_IMPLICIT_RETAIN_SELF = YES;
				CLANG_WARN_OBJC_LITERAL_CONVERSION = YES;
				CLANG_WARN_OBJC_ROOT_CLASS = YES_ERROR;
				CLANG_WARN_QUOTED_INCLUDE_IN_FRAMEWORK_HEADER = YES;
				CLANG_WARN_RANGE_LOOP_ANALYSIS = YES;
				CLANG_WARN_STRICT_PROTOTYPES = YES;
				CLANG_WARN_SUSPICIOUS_MOVE = YES;
				CLANG_WARN_UNGUARDED_AVAILABILITY = YES_AGGRESSIVE;
				CLANG_WARN_UNREACHABLE_CODE = YES;
				CLANG_WARN__DUPLICATE_METHOD_MATCH = YES;
				COPY_PHASE_STRIP = NO;
				DEBUG_INFORMATION_FORMAT = dwarf;
				ENABLE_STRICT_OBJC_MSGSEND = YES;
				ENABLE_TESTABILITY = YES;
				GCC_C_LANGUAGE_STANDARD = gnu11;
				GCC_DYNAMIC_NO_PIC = NO;
				GCC_NO_COMMON_BLOCKS = YES;
				GCC_OPTIMIZATION_LEVEL = 0;
				GCC_PREPROCESSOR_DEFINITIONS = (
					"DEBUG=1",
					"$(inherited)",
				);
				GCC_WARN_64_TO_32_BIT_CONVERSION = YES;
				GCC_WARN_ABOUT_RETURN_TYPE = YES_ERROR;
				GCC_WARN_UNDECLARED_SELECTOR = YES;
				GCC_WARN_UNINITIALIZED_AUTOS = YES_AGGRESSIVE;
				GCC_WARN_UNUSED_FUNCTION = YES;
				GCC_WARN_UNUSED_VARIABLE = YES;
				IPHONEOS_DEPLOYMENT_TARGET = 14.4;
				MTL_ENABLE_DEBUG_INFO = INCLUDE_SOURCE;
				MTL_FAST_MATH = YES;
				ONLY_ACTIVE_ARCH = YES;
				SDKROOT = iphoneos;
				SWIFT_ACTIVE_COMPILATION_CONDITIONS = DEBUG;
				SWIFT_OPTIMIZATION_LEVEL = "-Onone";
			};
			name = Debug;
		};
		B2773F4827B8CE5B00252C48 /* Release */ = {
			isa = XCBuildConfiguration;
			buildSettings = {
				ALWAYS_SEARCH_USER_PATHS = NO;
				CLANG_ANALYZER_NONNULL = YES;
				CLANG_ANALYZER_NUMBER_OBJECT_CONVERSION = YES_AGGRESSIVE;
				CLANG_CXX_LANGUAGE_STANDARD = "gnu++14";
				CLANG_CXX_LIBRARY = "libc++";
				CLANG_ENABLE_MODULES = YES;
				CLANG_ENABLE_OBJC_ARC = YES;
				CLANG_ENABLE_OBJC_WEAK = YES;
				CLANG_WARN_BLOCK_CAPTURE_AUTORELEASING = YES;
				CLANG_WARN_BOOL_CONVERSION = YES;
				CLANG_WARN_COMMA = YES;
				CLANG_WARN_CONSTANT_CONVERSION = YES;
				CLANG_WARN_DEPRECATED_OBJC_IMPLEMENTATIONS = YES;
				CLANG_WARN_DIRECT_OBJC_ISA_USAGE = YES_ERROR;
				CLANG_WARN_DOCUMENTATION_COMMENTS = YES;
				CLANG_WARN_EMPTY_BODY = YES;
				CLANG_WARN_ENUM_CONVERSION = YES;
				CLANG_WARN_INFINITE_RECURSION = YES;
				CLANG_WARN_INT_CONVERSION = YES;
				CLANG_WARN_NON_LITERAL_NULL_CONVERSION = YES;
				CLANG_WARN_OBJC_IMPLICIT_RETAIN_SELF = YES;
				CLANG_WARN_OBJC_LITERAL_CONVERSION = YES;
				CLANG_WARN_OBJC_ROOT_CLASS = YES_ERROR;
				CLANG_WARN_QUOTED_INCLUDE_IN_FRAMEWORK_HEADER = YES;
				CLANG_WARN_RANGE_LOOP_ANALYSIS = YES;
				CLANG_WARN_STRICT_PROTOTYPES = YES;
				CLANG_WARN_SUSPICIOUS_MOVE = YES;
				CLANG_WARN_UNGUARDED_AVAILABILITY = YES_AGGRESSIVE;
				CLANG_WARN_UNREACHABLE_CODE = YES;
				CLANG_WARN__DUPLICATE_METHOD_MATCH = YES;
				COPY_PHASE_STRIP = NO;
				DEBUG_INFORMATION_FORMAT = "dwarf-with-dsym";
				ENABLE_NS_ASSERTIONS = NO;
				ENABLE_STRICT_OBJC_MSGSEND = YES;
				GCC_C_LANGUAGE_STANDARD = gnu11;
				GCC_NO_COMMON_BLOCKS = YES;
				GCC_WARN_64_TO_32_BIT_CONVERSION = YES;
				GCC_WARN_ABOUT_RETURN_TYPE = YES_ERROR;
				GCC_WARN_UNDECLARED_SELECTOR = YES;
				GCC_WARN_UNINITIALIZED_AUTOS = YES_AGGRESSIVE;
				GCC_WARN_UNUSED_FUNCTION = YES;
				GCC_WARN_UNUSED_VARIABLE = YES;
				IPHONEOS_DEPLOYMENT_TARGET = 14.4;
				MTL_ENABLE_DEBUG_INFO = NO;
				MTL_FAST_MATH = YES;
				SDKROOT = iphoneos;
				SWIFT_COMPILATION_MODE = wholemodule;
				SWIFT_OPTIMIZATION_LEVEL = "-O";
				VALIDATE_PRODUCT = YES;
			};
			name = Release;
		};
		B2773F4A27B8CE5B00252C48 /* Debug */ = {
			isa = XCBuildConfiguration;
			buildSettings = {
				ASSETCATALOG_COMPILER_APPICON_NAME = AppIcon;
				ASSETCATALOG_COMPILER_GLOBAL_ACCENT_COLOR_NAME = AccentColor;
				CODE_SIGN_STYLE = Automatic;
				DEVELOPMENT_TEAM = L5U6M2GDVA;
				INFOPLIST_FILE = "$(SRCROOT)/Taxiapp MVP Task Alalmiya Alhura/Supporting/Info.plist";
				LD_RUNPATH_SEARCH_PATHS = (
					"$(inherited)",
					"@executable_path/Frameworks",
				);
				PRODUCT_BUNDLE_IDENTIFIER = "HelleTomorrow.Taxiapp-MVP-Task-Alalmiya-Alhura";
				PRODUCT_NAME = "$(TARGET_NAME)";
				SWIFT_VERSION = 5.0;
				TARGETED_DEVICE_FAMILY = 1;
			};
			name = Debug;
		};
		B2773F4B27B8CE5B00252C48 /* Release */ = {
			isa = XCBuildConfiguration;
			buildSettings = {
				ASSETCATALOG_COMPILER_APPICON_NAME = AppIcon;
				ASSETCATALOG_COMPILER_GLOBAL_ACCENT_COLOR_NAME = AccentColor;
				CODE_SIGN_STYLE = Automatic;
				DEVELOPMENT_TEAM = L5U6M2GDVA;
				INFOPLIST_FILE = "$(SRCROOT)/Taxiapp MVP Task Alalmiya Alhura/Supporting/Info.plist";
				LD_RUNPATH_SEARCH_PATHS = (
					"$(inherited)",
					"@executable_path/Frameworks",
				);
				PRODUCT_BUNDLE_IDENTIFIER = "HelleTomorrow.Taxiapp-MVP-Task-Alalmiya-Alhura";
				PRODUCT_NAME = "$(TARGET_NAME)";
				SWIFT_VERSION = 5.0;
				TARGETED_DEVICE_FAMILY = 1;
			};
			name = Release;
		};
/* End XCBuildConfiguration section */

/* Begin XCConfigurationList section */
		B2773F3027B8CE5800252C48 /* Build configuration list for PBXProject "Taxiapp MVP Task Alalmiya Alhura" */ = {
			isa = XCConfigurationList;
			buildConfigurations = (
				B2773F4727B8CE5B00252C48 /* Debug */,
				B2773F4827B8CE5B00252C48 /* Release */,
			);
			defaultConfigurationIsVisible = 0;
			defaultConfigurationName = Release;
		};
		B2773F4927B8CE5B00252C48 /* Build configuration list for PBXNativeTarget "Taxiapp MVP Task Alalmiya Alhura" */ = {
			isa = XCConfigurationList;
			buildConfigurations = (
				B2773F4A27B8CE5B00252C48 /* Debug */,
				B2773F4B27B8CE5B00252C48 /* Release */,
			);
			defaultConfigurationIsVisible = 0;
			defaultConfigurationName = Release;
		};
/* End XCConfigurationList section */
	};
	rootObject = B2773F2D27B8CE5800252C48 /* Project object */;
}
